PODS:
  - Flutter (1.0.0)
  - integration_test (0.0.1):
    - Flutter
  - MapLibre (6.5.0)
  - maplibre_gl (0.0.1):
    - Flutter
    - MapLibre (= 6.5.0)
  - tapped_native_screenshot (0.0.1):
    - Flutter

DEPENDENCIES:
  - Flutter (from `Flutter`)
  - integration_test (from `.symlinks/plugins/integration_test/ios`)
  - maplibre_gl (from `.symlinks/plugins/maplibre_gl/ios`)
  - tapped_native_screenshot (from `.symlinks/plugins/tapped_native_screenshot/ios`)

SPEC REPOS:
  trunk:
    - MapLibre

EXTERNAL SOURCES:
  Flutter:
    :path: Flutter
  integration_test:
    :path: ".symlinks/plugins/integration_test/ios"
  maplibre_gl:
    :path: ".symlinks/plugins/maplibre_gl/ios"
  tapped_native_screenshot:
    :path: ".symlinks/plugins/tapped_native_screenshot/ios"

SPEC CHECKSUMS:
  Flutter: e0871f40cf51350855a761d2e70bf5af5b9b5de7
  integration_test: 252f60fa39af5e17c3aa9899d35d908a0721b573
  MapLibre: 0ebfa9329d313cec8bf0a5ba5a336a1dc903785e
  maplibre_gl: 943a491fffb3337c1b9de57fd377206d18c16e34
  tapped_native_screenshot: 17a2221cadd91bbbbe5dbfa575d83f3ce7b69f41

PODFILE CHECKSUM: 819463e6a0290f5a72f145ba7cde16e8b6ef0796

COCOAPODS: 1.15.2
